
Microsoft Visual Studio Solution File, Format Version 12.00
# Visual Studio Version 17
VisualStudioVersion = 17.10.34928.147
MinimumVisualStudioVersion = 10.0.40219.1
Project("{FAE04EC0-301F-11D3-BF4B-00C04F79EFBC}") = "webApp", "webApp.csproj", "{6516F0E7-FC6E-4541-939B-049EF0344DA6}"
EndProject
Global
	GlobalSection(SolutionConfigurationPlatforms) = preSolution
		Debug|Any CPU = Debug|Any CPU
		Release|Any CPU = Release|Any CPU
	EndGlobalSection
	GlobalSection(ProjectConfigurationPlatforms) = postSolution
		{6516F0E7-FC6E-4541-939B-049EF0344DA6}.Debug|Any CPU.ActiveCfg = Debug|Any CPU
		{6516F0E7-FC6E-4541-939B-049EF0344DA6}.Debug|Any CPU.Build.0 = Debug|Any CPU
		{6516F0E7-FC6E-4541-939B-049EF0344DA6}.Release|Any CPU.ActiveCfg = Release|Any CPU
		{6516F0E7-FC6E-4541-939B-049EF0344DA6}.Release|Any CPU.Build.0 = Release|Any CPU
	EndGlobalSection
	GlobalSection(SolutionProperties) = preSolution
		HideSolutionNode = FALSE
	EndGlobalSection
	GlobalSection(ExtensibilityGlobals) = postSolution
		SolutionGuid = {4D007501-90EF-4F99-BF75-013F591EC90A}
	EndGlobalSection
EndGlobal
